// !$*UTF8*$!
{
	archiveVersion = 1;
	classes = {
	};
	objectVersion = 77;
	objects = {

/* Begin PBXBuildFile section */
		8E174FC92EAB806E00D3B240 /* libMoltenVK.dylib in Frameworks */ = {isa = PBXBuildFile; fileRef = 8EE5B6AB2EA68FEA0048BD6C /* libMoltenVK.dylib */; };
		8E174FCA2EAB807500D3B240 /* libMoltenVK.dylib in CopyFiles */ = {isa = PBXBuildFile; fileRef = 8EE5B6AB2EA68FEA0048BD6C /* libMoltenVK.dylib */; };
		8E174FCC2EAB8F2D00D3B240 /* ObjC-interface.m in Sources */ = {isa = PBXBuildFile; fileRef = 8E174FCB2EAB8F2D00D3B240 /* ObjC-interface.m */; };
		8E45FF8D2EA7587C00CA6D72 /* QueueFamilyIndices.cpp in Sources */ = {isa = PBXBuildFile; fileRef = 8E45FF8C2EA7587C00CA6D72 /* QueueFamilyIndices.cpp */; };
		8E7000B62EA0101E004E0250 /* libvulkan.1.dylib in Frameworks */ = {isa = PBXBuildFile; fileRef = 8E7000B52EA0101E004E0250 /* libvulkan.1.dylib */; };
		8E7000B72EA01023004E0250 /* libvulkan.1.dylib in CopyFiles */ = {isa = PBXBuildFile; fileRef = 8E7000B52EA0101E004E0250 /* libvulkan.1.dylib */; };
		8E7000B92EA01094004E0250 /* libglfw.3.4.dylib in Frameworks */ = {isa = PBXBuildFile; fileRef = 8E7000B82EA01094004E0250 /* libglfw.3.4.dylib */; };
		8E7000BA2EA0109B004E0250 /* libglfw.3.4.dylib in CopyFiles */ = {isa = PBXBuildFile; fileRef = 8E7000B82EA01094004E0250 /* libglfw.3.4.dylib */; };
		8E7000BC2EA010B2004E0250 /* main.cpp in Sources */ = {isa = PBXBuildFile; fileRef = 8E7000BB2EA010B2004E0250 /* main.cpp */; };
		8E7000C32EA011A5004E0250 /* HelloTriangleApplication.cpp in Sources */ = {isa = PBXBuildFile; fileRef = 8E7000C22EA011A5004E0250 /* HelloTriangleApplication.cpp */; };
/* End PBXBuildFile section */

/* Begin PBXCopyFilesBuildPhase section */
		8ECB628E2E9FF80A00B88911 /* CopyFiles */ = {
			isa = PBXCopyFilesBuildPhase;
			buildActionMask = 12;
			dstPath = "";
			dstSubfolderSpec = 10;
			files = (
				8E174FCA2EAB807500D3B240 /* libMoltenVK.dylib in CopyFiles */,
				8E7000BA2EA0109B004E0250 /* libglfw.3.4.dylib in CopyFiles */,
				8E7000B72EA01023004E0250 /* libvulkan.1.dylib in CopyFiles */,
			);
			runOnlyForDeploymentPostprocessing = 0;
		};
/* End PBXCopyFilesBuildPhase section */

/* Begin PBXFileReference section */
		8E008CB72EA670C700F51089 /* opt */ = {isa = PBXFileReference; lastKnownFileType = folder; name = opt; path = ../../../../../../../opt; sourceTree = "<group>"; };
		8E174FCB2EAB8F2D00D3B240 /* ObjC-interface.m */ = {isa = PBXFileReference; lastKnownFileType = sourcecode.c.objc; name = "ObjC-interface.m"; path = "/Users/andresragot/projects/learning-vulkan/VulkanTesting/code/obj-c/ObjC-interface.m"; sourceTree = "<absolute>"; };
		8E174FCD2EAB903200D3B240 /* ObjC-interface.h */ = {isa = PBXFileReference; lastKnownFileType = sourcecode.c.h; name = "ObjC-interface.h"; path = "/Users/andresragot/projects/learning-vulkan/VulkanTesting/code/ObjC-interface.h"; sourceTree = "<absolute>"; };
		8E1B89AC2EAD3643005568DE /* SwapChainSupportDetails.hpp */ = {isa = PBXFileReference; lastKnownFileType = sourcecode.cpp.h; name = SwapChainSupportDetails.hpp; path = "/Users/andresragot/projects/learning-vulkan/VulkanTesting/code/SwapChainSupportDetails.hpp"; sourceTree = "<absolute>"; };
		8E45FF8B2EA7587C00CA6D72 /* QueueFamilyIndices.hpp */ = {isa = PBXFileReference; lastKnownFileType = sourcecode.cpp.h; name = QueueFamilyIndices.hpp; path = "/Users/andresragot/projects/learning-vulkan/VulkanTesting/code/QueueFamilyIndices.hpp"; sourceTree = "<absolute>"; };
		8E45FF8C2EA7587C00CA6D72 /* QueueFamilyIndices.cpp */ = {isa = PBXFileReference; lastKnownFileType = sourcecode.cpp.cpp; name = QueueFamilyIndices.cpp; path = "/Users/andresragot/projects/learning-vulkan/VulkanTesting/code/QueueFamilyIndices.cpp"; sourceTree = "<absolute>"; };
		8E7000B52EA0101E004E0250 /* libvulkan.1.dylib */ = {isa = PBXFileReference; lastKnownFileType = "compiled.mach-o.dylib"; name = libvulkan.1.dylib; path = ../../../libraries/vulkan/macOS/lib/libvulkan.1.dylib; sourceTree = "<group>"; };
		8E7000B82EA01094004E0250 /* libglfw.3.4.dylib */ = {isa = PBXFileReference; lastKnownFileType = "compiled.mach-o.dylib"; name = libglfw.3.4.dylib; path = ../../../../../../../opt/homebrew/Cellar/glfw/3.4/lib/libglfw.3.4.dylib; sourceTree = "<group>"; };
		8E7000BB2EA010B2004E0250 /* main.cpp */ = {isa = PBXFileReference; lastKnownFileType = sourcecode.cpp.cpp; name = main.cpp; path = "/Users/andresragot/projects/learning-vulkan/VulkanTesting/code/main.cpp"; sourceTree = "<absolute>"; };
		8E7000BD2EA01119004E0250 /* libvulkan.1.4.328.dylib */ = {isa = PBXFileReference; lastKnownFileType = "compiled.mach-o.dylib"; name = libvulkan.1.4.328.dylib; path = ../../../libraries/vulkan/macOS/lib/libvulkan.1.4.328.dylib; sourceTree = "<group>"; };
		8E7000C12EA011A5004E0250 /* HelloTriangleApplication.hpp */ = {isa = PBXFileReference; lastKnownFileType = sourcecode.cpp.h; name = HelloTriangleApplication.hpp; path = "/Users/andresragot/projects/learning-vulkan/VulkanTesting/code/HelloTriangleApplication.hpp"; sourceTree = "<absolute>"; };
		8E7000C22EA011A5004E0250 /* HelloTriangleApplication.cpp */ = {isa = PBXFileReference; lastKnownFileType = sourcecode.cpp.cpp; name = HelloTriangleApplication.cpp; path = "/Users/andresragot/projects/learning-vulkan/VulkanTesting/code/HelloTriangleApplication.cpp"; sourceTree = "<absolute>"; };
		8ECB62902E9FF80A00B88911 /* VulkanTesting */ = {isa = PBXFileReference; explicitFileType = "compiled.mach-o.executable"; includeInIndex = 0; path = VulkanTesting; sourceTree = BUILT_PRODUCTS_DIR; };
		8EE5B6AB2EA68FEA0048BD6C /* libMoltenVK.dylib */ = {isa = PBXFileReference; lastKnownFileType = "compiled.mach-o.dylib"; name = libMoltenVK.dylib; path = ../../../libraries/vulkan/macOS/lib/libMoltenVK.dylib; sourceTree = "<group>"; };
/* End PBXFileReference section */

/* Begin PBXFrameworksBuildPhase section */
		8ECB628D2E9FF80A00B88911 /* Frameworks */ = {
			isa = PBXFrameworksBuildPhase;
			buildActionMask = 2147483647;
			files = (
				8E174FC92EAB806E00D3B240 /* libMoltenVK.dylib in Frameworks */,
				8E7000B92EA01094004E0250 /* libglfw.3.4.dylib in Frameworks */,
				8E7000B62EA0101E004E0250 /* libvulkan.1.dylib in Frameworks */,
			);
			runOnlyForDeploymentPostprocessing = 0;
		};
/* End PBXFrameworksBuildPhase section */

/* Begin PBXGroup section */
		8E7000C02EA01134004E0250 /* Code */ = {
			isa = PBXGroup;
			children = (
				8E7000BB2EA010B2004E0250 /* main.cpp */,
				8E45FF8B2EA7587C00CA6D72 /* QueueFamilyIndices.hpp */,
				8E45FF8C2EA7587C00CA6D72 /* QueueFamilyIndices.cpp */,
				8E7000C12EA011A5004E0250 /* HelloTriangleApplication.hpp */,
				8E7000C22EA011A5004E0250 /* HelloTriangleApplication.cpp */,
				8E1B89AC2EAD3643005568DE /* SwapChainSupportDetails.hpp */,
				8E174FCD2EAB903200D3B240 /* ObjC-interface.h */,
			);
			path = Code;
			sourceTree = "<group>";
		};
		8ECB62872E9FF80A00B88911 = {
			isa = PBXGroup;
			children = (
				8E174FCB2EAB8F2D00D3B240 /* ObjC-interface.m */,
				8ECB629A2E9FFB3600B88911 /* Frameworks */,
				8ECB62912E9FF80A00B88911 /* Products */,
				8E7000C02EA01134004E0250 /* Code */,
			);
			sourceTree = "<group>";
		};
		8ECB62912E9FF80A00B88911 /* Products */ = {
			isa = PBXGroup;
			children = (
				8ECB62902E9FF80A00B88911 /* VulkanTesting */,
			);
			name = Products;
			sourceTree = "<group>";
		};
		8ECB629A2E9FFB3600B88911 /* Frameworks */ = {
			isa = PBXGroup;
			children = (
				8EE5B6AB2EA68FEA0048BD6C /* libMoltenVK.dylib */,
				8E008CB72EA670C700F51089 /* opt */,
				8E7000BD2EA01119004E0250 /* libvulkan.1.4.328.dylib */,
				8E7000B82EA01094004E0250 /* libglfw.3.4.dylib */,
				8E7000B52EA0101E004E0250 /* libvulkan.1.dylib */,
			);
			name = Frameworks;
			sourceTree = "<group>";
		};
/* End PBXGroup section */

/* Begin PBXNativeTarget section */
		8ECB628F2E9FF80A00B88911 /* VulkanTesting */ = {
			isa = PBXNativeTarget;
			buildConfigurationList = 8ECB62972E9FF80A00B88911 /* Build configuration list for PBXNativeTarget "VulkanTesting" */;
			buildPhases = (
				8ECB628C2E9FF80A00B88911 /* Sources */,
				8ECB628D2E9FF80A00B88911 /* Frameworks */,
				8ECB628E2E9FF80A00B88911 /* CopyFiles */,
			);
			buildRules = (
			);
			dependencies = (
			);
			name = VulkanTesting;
			packageProductDependencies = (
			);
			productName = VulkanTesting;
			productReference = 8ECB62902E9FF80A00B88911 /* VulkanTesting */;
			productType = "com.apple.product-type.tool";
		};
/* End PBXNativeTarget section */

/* Begin PBXProject section */
		8ECB62882E9FF80A00B88911 /* Project object */ = {
			isa = PBXProject;
			attributes = {
				BuildIndependentTargetsInParallel = 1;
				LastUpgradeCheck = 2600;
				TargetAttributes = {
					8ECB628F2E9FF80A00B88911 = {
						CreatedOnToolsVersion = 26.0.1;
					};
				};
			};
			buildConfigurationList = 8ECB628B2E9FF80A00B88911 /* Build configuration list for PBXProject "VulkanTesting" */;
			developmentRegion = en;
			hasScannedForEncodings = 0;
			knownRegions = (
				en,
				Base,
			);
			mainGroup = 8ECB62872E9FF80A00B88911;
			minimizedProjectReferenceProxies = 1;
			preferredProjectObjectVersion = 77;
			productRefGroup = 8ECB62912E9FF80A00B88911 /* Products */;
			projectDirPath = "";
			projectRoot = "";
			targets = (
				8ECB628F2E9FF80A00B88911 /* VulkanTesting */,
			);
		};
/* End PBXProject section */

/* Begin PBXSourcesBuildPhase section */
		8ECB628C2E9FF80A00B88911 /* Sources */ = {
			isa = PBXSourcesBuildPhase;
			buildActionMask = 2147483647;
			files = (
				8E45FF8D2EA7587C00CA6D72 /* QueueFamilyIndices.cpp in Sources */,
				8E7000BC2EA010B2004E0250 /* main.cpp in Sources */,
				8E7000C32EA011A5004E0250 /* HelloTriangleApplication.cpp in Sources */,
				8E174FCC2EAB8F2D00D3B240 /* ObjC-interface.m in Sources */,
			);
			runOnlyForDeploymentPostprocessing = 0;
		};
/* End PBXSourcesBuildPhase section */

/* Begin XCBuildConfiguration section */
		8ECB62952E9FF80A00B88911 /* Debug */ = {
			isa = XCBuildConfiguration;
			buildSettings = {
				ALWAYS_SEARCH_USER_PATHS = NO;
				ASSETCATALOG_COMPILER_GENERATE_SWIFT_ASSET_SYMBOL_EXTENSIONS = YES;
				CLANG_ANALYZER_NONNULL = YES;
				CLANG_ANALYZER_NUMBER_OBJECT_CONVERSION = YES_AGGRESSIVE;
				CLANG_CXX_LANGUAGE_STANDARD = "gnu++20";
				CLANG_ENABLE_MODULES = YES;
				CLANG_ENABLE_OBJC_ARC = YES;
				CLANG_ENABLE_OBJC_WEAK = YES;
				CLANG_WARN_BLOCK_CAPTURE_AUTORELEASING = YES;
				CLANG_WARN_BOOL_CONVERSION = YES;
				CLANG_WARN_COMMA = YES;
				CLANG_WARN_CONSTANT_CONVERSION = YES;
				CLANG_WARN_DEPRECATED_OBJC_IMPLEMENTATIONS = YES;
				CLANG_WARN_DIRECT_OBJC_ISA_USAGE = YES_ERROR;
				CLANG_WARN_DOCUMENTATION_COMMENTS = YES;
				CLANG_WARN_EMPTY_BODY = YES;
				CLANG_WARN_ENUM_CONVERSION = YES;
				CLANG_WARN_INFINITE_RECURSION = YES;
				CLANG_WARN_INT_CONVERSION = YES;
				CLANG_WARN_NON_LITERAL_NULL_CONVERSION = YES;
				CLANG_WARN_OBJC_IMPLICIT_RETAIN_SELF = YES;
				CLANG_WARN_OBJC_LITERAL_CONVERSION = YES;
				CLANG_WARN_OBJC_ROOT_CLASS = YES_ERROR;
				CLANG_WARN_QUOTED_INCLUDE_IN_FRAMEWORK_HEADER = YES;
				CLANG_WARN_RANGE_LOOP_ANALYSIS = YES;
				CLANG_WARN_STRICT_PROTOTYPES = YES;
				CLANG_WARN_SUSPICIOUS_MOVE = YES;
				CLANG_WARN_UNGUARDED_AVAILABILITY = YES_AGGRESSIVE;
				CLANG_WARN_UNREACHABLE_CODE = YES;
				CLANG_WARN__DUPLICATE_METHOD_MATCH = YES;
				COPY_PHASE_STRIP = NO;
				DEBUG_INFORMATION_FORMAT = dwarf;
				ENABLE_STRICT_OBJC_MSGSEND = YES;
				ENABLE_TESTABILITY = YES;
				ENABLE_USER_SCRIPT_SANDBOXING = YES;
				GCC_C_LANGUAGE_STANDARD = gnu17;
				GCC_DYNAMIC_NO_PIC = NO;
				GCC_NO_COMMON_BLOCKS = YES;
				GCC_OPTIMIZATION_LEVEL = 0;
				GCC_PREPROCESSOR_DEFINITIONS = (
					"DEBUG=1",
					"$(inherited)",
				);
				GCC_WARN_64_TO_32_BIT_CONVERSION = YES;
				GCC_WARN_ABOUT_RETURN_TYPE = YES_ERROR;
				GCC_WARN_UNDECLARED_SELECTOR = YES;
				GCC_WARN_UNINITIALIZED_AUTOS = YES_AGGRESSIVE;
				GCC_WARN_UNUSED_FUNCTION = YES;
				GCC_WARN_UNUSED_VARIABLE = YES;
				HEADER_SEARCH_PATHS = /opt/homebrew/include;
				LOCALIZATION_PREFERS_STRING_CATALOGS = YES;
				MACOSX_DEPLOYMENT_TARGET = 26.0;
				MTL_ENABLE_DEBUG_INFO = INCLUDE_SOURCE;
				MTL_FAST_MATH = YES;
				ONLY_ACTIVE_ARCH = YES;
				SDKROOT = macosx;
				SYSTEM_FRAMEWORK_SEARCH_PATHS = /opt/homebrew/lib;
			};
			name = Debug;
		};
		8ECB62962E9FF80A00B88911 /* Release */ = {
			isa = XCBuildConfiguration;
			buildSettings = {
				ALWAYS_SEARCH_USER_PATHS = NO;
				ASSETCATALOG_COMPILER_GENERATE_SWIFT_ASSET_SYMBOL_EXTENSIONS = YES;
				CLANG_ANALYZER_NONNULL = YES;
				CLANG_ANALYZER_NUMBER_OBJECT_CONVERSION = YES_AGGRESSIVE;
				CLANG_CXX_LANGUAGE_STANDARD = "gnu++20";
				CLANG_ENABLE_MODULES = YES;
				CLANG_ENABLE_OBJC_ARC = YES;
				CLANG_ENABLE_OBJC_WEAK = YES;
				CLANG_WARN_BLOCK_CAPTURE_AUTORELEASING = YES;
				CLANG_WARN_BOOL_CONVERSION = YES;
				CLANG_WARN_COMMA = YES;
				CLANG_WARN_CONSTANT_CONVERSION = YES;
				CLANG_WARN_DEPRECATED_OBJC_IMPLEMENTATIONS = YES;
				CLANG_WARN_DIRECT_OBJC_ISA_USAGE = YES_ERROR;
				CLANG_WARN_DOCUMENTATION_COMMENTS = YES;
				CLANG_WARN_EMPTY_BODY = YES;
				CLANG_WARN_ENUM_CONVERSION = YES;
				CLANG_WARN_INFINITE_RECURSION = YES;
				CLANG_WARN_INT_CONVERSION = YES;
				CLANG_WARN_NON_LITERAL_NULL_CONVERSION = YES;
				CLANG_WARN_OBJC_IMPLICIT_RETAIN_SELF = YES;
				CLANG_WARN_OBJC_LITERAL_CONVERSION = YES;
				CLANG_WARN_OBJC_ROOT_CLASS = YES_ERROR;
				CLANG_WARN_QUOTED_INCLUDE_IN_FRAMEWORK_HEADER = YES;
				CLANG_WARN_RANGE_LOOP_ANALYSIS = YES;
				CLANG_WARN_STRICT_PROTOTYPES = YES;
				CLANG_WARN_SUSPICIOUS_MOVE = YES;
				CLANG_WARN_UNGUARDED_AVAILABILITY = YES_AGGRESSIVE;
				CLANG_WARN_UNREACHABLE_CODE = YES;
				CLANG_WARN__DUPLICATE_METHOD_MATCH = YES;
				COPY_PHASE_STRIP = NO;
				DEBUG_INFORMATION_FORMAT = "dwarf-with-dsym";
				ENABLE_NS_ASSERTIONS = NO;
				ENABLE_STRICT_OBJC_MSGSEND = YES;
				ENABLE_USER_SCRIPT_SANDBOXING = YES;
				GCC_C_LANGUAGE_STANDARD = gnu17;
				GCC_NO_COMMON_BLOCKS = YES;
				GCC_WARN_64_TO_32_BIT_CONVERSION = YES;
				GCC_WARN_ABOUT_RETURN_TYPE = YES_ERROR;
				GCC_WARN_UNDECLARED_SELECTOR = YES;
				GCC_WARN_UNINITIALIZED_AUTOS = YES_AGGRESSIVE;
				GCC_WARN_UNUSED_FUNCTION = YES;
				GCC_WARN_UNUSED_VARIABLE = YES;
				HEADER_SEARCH_PATHS = /opt/homebrew/include;
				LOCALIZATION_PREFERS_STRING_CATALOGS = YES;
				MACOSX_DEPLOYMENT_TARGET = 26.0;
				MTL_ENABLE_DEBUG_INFO = NO;
				MTL_FAST_MATH = YES;
				SDKROOT = macosx;
				SYSTEM_FRAMEWORK_SEARCH_PATHS = /opt/homebrew/lib;
			};
			name = Release;
		};
		8ECB62982E9FF80A00B88911 /* Debug */ = {
			isa = XCBuildConfiguration;
			buildSettings = {
				CODE_SIGN_STYLE = Automatic;
				HEADER_SEARCH_PATHS = (
					/opt/homebrew/include,
					../../../libraries/vulkan/macOS/include,
				);
				LD_RUNPATH_SEARCH_PATHS = "";
				LIBRARY_SEARCH_PATHS = (
					"$(inherited)",
					/opt/homebrew/Cellar/glfw/3.4/lib,
					../../../libraries/vulkan/macOS/lib,
				);
				OTHER_LDFLAGS = "";
				PRODUCT_NAME = "$(TARGET_NAME)";
			};
			name = Debug;
		};
		8ECB62992E9FF80A00B88911 /* Release */ = {
			isa = XCBuildConfiguration;
			buildSettings = {
				CODE_SIGN_STYLE = Automatic;
				HEADER_SEARCH_PATHS = (
					/opt/homebrew/include,
					../../../libraries/vulkan/macOS/include,
				);
				LD_RUNPATH_SEARCH_PATHS = "";
				LIBRARY_SEARCH_PATHS = (
					"$(inherited)",
					/opt/homebrew/Cellar/glfw/3.4/lib,
					../../../libraries/vulkan/macOS/lib,
				);
				OTHER_LDFLAGS = "";
				PRODUCT_NAME = "$(TARGET_NAME)";
			};
			name = Release;
		};
/* End XCBuildConfiguration section */

/* Begin XCConfigurationList section */
		8ECB628B2E9FF80A00B88911 /* Build configuration list for PBXProject "VulkanTesting" */ = {
			isa = XCConfigurationList;
			buildConfigurations = (
				8ECB62952E9FF80A00B88911 /* Debug */,
				8ECB62962E9FF80A00B88911 /* Release */,
			);
			defaultConfigurationIsVisible = 0;
			defaultConfigurationName = Release;
		};
		8ECB62972E9FF80A00B88911 /* Build configuration list for PBXNativeTarget "VulkanTesting" */ = {
			isa = XCConfigurationList;
			buildConfigurations = (
				8ECB62982E9FF80A00B88911 /* Debug */,
				8ECB62992E9FF80A00B88911 /* Release */,
			);
			defaultConfigurationIsVisible = 0;
			defaultConfigurationName = Release;
		};
/* End XCConfigurationList section */
	};
	rootObject = 8ECB62882E9FF80A00B88911 /* Project object */;
}
