// !$*UTF8*$!
{
	archiveVersion = 1;
	classes = {
	};
	objectVersion = 77;
	objects = {

/* Begin PBXBuildFile section */
		8E174FC92EAB806E00D3B240 /* libMoltenVK.dylib in Frameworks */ = {isa = PBXBuildFile; fileRef = 8EE5B6AB2EA68FEA0048BD6C /* libMoltenVK.dylib */; };
		8E174FCA2EAB807500D3B240 /* libMoltenVK.dylib in CopyFiles */ = {isa = PBXBuildFile; fileRef = 8EE5B6AB2EA68FEA0048BD6C /* libMoltenVK.dylib */; };
		8E174FCC2EAB8F2D00D3B240 /* ObjC-interface.m in Sources */ = {isa = PBXBuildFile; fileRef = 8E174FCB2EAB8F2D00D3B240 /* ObjC-interface.m */; };
		8E45FF8D2EA7587C00CA6D72 /* QueueFamilyIndices.cpp in Sources */ = {isa = PBXBuildFile; fileRef = 8E45FF8C2EA7587C00CA6D72 /* QueueFamilyIndices.cpp */; };
		8E7000B62EA0101E004E0250 /* libvulkan.1.dylib in Frameworks */ = {isa = PBXBuildFile; fileRef = 8E7000B52EA0101E004E0250 /* libvulkan.1.dylib */; };
		8E7000B72EA01023004E0250 /* libvulkan.1.dylib in CopyFiles */ = {isa = PBXBuildFile; fileRef = 8E7000B52EA0101E004E0250 /* libvulkan.1.dylib */; };
		8E7000B92EA01094004E0250 /* libglfw.3.4.dylib in Frameworks */ = {isa = PBXBuildFile; fileRef = 8E7000B82EA01094004E0250 /* libglfw.3.4.dylib */; };
		8E7000BA2EA0109B004E0250 /* libglfw.3.4.dylib in CopyFiles */ = {isa = PBXBuildFile; fileRef = 8E7000B82EA01094004E0250 /* libglfw.3.4.dylib */; };
		8E7000BC2EA010B2004E0250 /* main.cpp in Sources */ = {isa = PBXBuildFile; fileRef = 8E7000BB2EA010B2004E0250 /* main.cpp */; };
		8E7000C32EA011A5004E0250 /* HelloTriangleApplication.cpp in Sources */ = {isa = PBXBuildFile; fileRef = 8E7000C22EA011A5004E0250 /* HelloTriangleApplication.cpp */; };
		8EB455822EB922CD001218DF /* Assets.cpp in Sources */ = {isa = PBXBuildFile; fileRef = 8EB455812EB922CD001218DF /* Assets.cpp */; };
/* End PBXBuildFile section */

/* Begin PBXCopyFilesBuildPhase section */
		8ECB628E2E9FF80A00B88911 /* CopyFiles */ = {
			isa = PBXCopyFilesBuildPhase;
			buildActionMask = 12;
			dstPath = lib;
			dstSubfolderSpec = 10;
			files = (
				8E174FCA2EAB807500D3B240 /* libMoltenVK.dylib in CopyFiles */,
				8E7000BA2EA0109B004E0250 /* libglfw.3.4.dylib in CopyFiles */,
				8E7000B72EA01023004E0250 /* libvulkan.1.dylib in CopyFiles */,
			);
			runOnlyForDeploymentPostprocessing = 0;
		};
/* End PBXCopyFilesBuildPhase section */

/* Begin PBXFileReference section */
		8E008CB72EA670C700F51089 /* opt */ = {isa = PBXFileReference; lastKnownFileType = folder; name = opt; path = ../../../../../../../opt; sourceTree = "<group>"; };
		8E174FCB2EAB8F2D00D3B240 /* ObjC-interface.m */ = {isa = PBXFileReference; lastKnownFileType = sourcecode.c.objc; name = "ObjC-interface.m"; path = "/Users/andresragot/projects/learning-vulkan/VulkanTesting/code/obj-c/ObjC-interface.m"; sourceTree = "<absolute>"; };
		8E174FCD2EAB903200D3B240 /* ObjC-interface.h */ = {isa = PBXFileReference; lastKnownFileType = sourcecode.c.h; name = "ObjC-interface.h"; path = "/Users/andresragot/projects/learning-vulkan/VulkanTesting/code/ObjC-interface.h"; sourceTree = "<absolute>"; };
		8E1B89AC2EAD3643005568DE /* SwapChainSupportDetails.hpp */ = {isa = PBXFileReference; lastKnownFileType = sourcecode.cpp.h; name = SwapChainSupportDetails.hpp; path = "/Users/andresragot/projects/learning-vulkan/VulkanTesting/code/SwapChainSupportDetails.hpp"; sourceTree = "<absolute>"; };
		8E45FF8B2EA7587C00CA6D72 /* QueueFamilyIndices.hpp */ = {isa = PBXFileReference; lastKnownFileType = sourcecode.cpp.h; name = QueueFamilyIndices.hpp; path = "/Users/andresragot/projects/learning-vulkan/VulkanTesting/code/QueueFamilyIndices.hpp"; sourceTree = "<absolute>"; };
		8E45FF8C2EA7587C00CA6D72 /* QueueFamilyIndices.cpp */ = {isa = PBXFileReference; lastKnownFileType = sourcecode.cpp.cpp; name = QueueFamilyIndices.cpp; path = "/Users/andresragot/projects/learning-vulkan/VulkanTesting/code/QueueFamilyIndices.cpp"; sourceTree = "<absolute>"; };
		8E7000B52EA0101E004E0250 /* libvulkan.1.dylib */ = {isa = PBXFileReference; lastKnownFileType = "compiled.mach-o.dylib"; name = libvulkan.1.dylib; path = ../../../libraries/vulkan/macOS/lib/libvulkan.1.dylib; sourceTree = "<group>"; };
		8E7000B82EA01094004E0250 /* libglfw.3.4.dylib */ = {isa = PBXFileReference; lastKnownFileType = "compiled.mach-o.dylib"; name = libglfw.3.4.dylib; path = ../../../../../../../opt/homebrew/Cellar/glfw/3.4/lib/libglfw.3.4.dylib; sourceTree = "<group>"; };
		8E7000BB2EA010B2004E0250 /* main.cpp */ = {isa = PBXFileReference; lastKnownFileType = sourcecode.cpp.cpp; name = main.cpp; path = "/Users/andresragot/projects/learning-vulkan/VulkanTesting/code/main.cpp"; sourceTree = "<absolute>"; };
		8E7000BD2EA01119004E0250 /* libvulkan.1.4.328.dylib */ = {isa = PBXFileReference; lastKnownFileType = "compiled.mach-o.dylib"; name = libvulkan.1.4.328.dylib; path = ../../../libraries/vulkan/macOS/lib/libvulkan.1.4.328.dylib; sourceTree = "<group>"; };
		8E7000C12EA011A5004E0250 /* HelloTriangleApplication.hpp */ = {isa = PBXFileReference; lastKnownFileType = sourcecode.cpp.h; name = HelloTriangleApplication.hpp; path = "/Users/andresragot/projects/learning-vulkan/VulkanTesting/code/HelloTriangleApplication.hpp"; sourceTree = "<absolute>"; };
		8E7000C22EA011A5004E0250 /* HelloTriangleApplication.cpp */ = {isa = PBXFileReference; lastKnownFileType = sourcecode.cpp.cpp; name = HelloTriangleApplication.cpp; path = "/Users/andresragot/projects/learning-vulkan/VulkanTesting/code/HelloTriangleApplication.cpp"; sourceTree = "<absolute>"; };
		8EB455802EB922CD001218DF /* Assets.hpp */ = {isa = PBXFileReference; lastKnownFileType = sourcecode.cpp.h; name = Assets.hpp; path = "/Users/andresragot/projects/learning-vulkan/VulkanTesting/code/Assets.hpp"; sourceTree = "<absolute>"; };
		8EB455812EB922CD001218DF /* Assets.cpp */ = {isa = PBXFileReference; lastKnownFileType = sourcecode.cpp.cpp; name = Assets.cpp; path = "/Users/andresragot/projects/learning-vulkan/VulkanTesting/code/Assets.cpp"; sourceTree = "<absolute>"; };
		8ECB62902E9FF80A00B88911 /* VulkanTesting */ = {isa = PBXFileReference; explicitFileType = "compiled.mach-o.executable"; includeInIndex = 0; path = VulkanTesting; sourceTree = BUILT_PRODUCTS_DIR; };
		8EE2B2052FE3BC130044F677 /* shader.frag */ = {isa = PBXFileReference; lastKnownFileType = sourcecode.glsl; name = shader.frag; path = "/Users/andresragot/projects/learning-vulkan/VulkanTesting/shaders/shader.frag"; sourceTree = "<absolute>"; };
		8EE2B2062FE3BC130044F677 /* shader.vert */ = {isa = PBXFileReference; lastKnownFileType = sourcecode.glsl; name = shader.vert; path = "/Users/andresragot/projects/learning-vulkan/VulkanTesting/shaders/shader.vert"; sourceTree = "<absolute>"; };
		8EE2B2082FE3BC520044F677 /* Makefile */ = {isa = PBXFileReference; lastKnownFileType = sourcecode.make; name = Makefile; path = "/Users/andresragot/projects/learning-vulkan/VulkanTesting/Makefile"; sourceTree = "<absolute>"; };
		8EE5B6AB2EA68FEA0048BD6C /* libMoltenVK.dylib */ = {isa = PBXFileReference; lastKnownFileType = "compiled.mach-o.dylib"; name = libMoltenVK.dylib; path = ../../../libraries/vulkan/macOS/lib/libMoltenVK.dylib; sourceTree = "<group>"; };
/* End PBXFileReference section */

/* Begin PBXFrameworksBuildPhase section */
		8ECB628D2E9FF80A00B88911 /* Frameworks */ = {
			isa = PBXFrameworksBuildPhase;
			buildActionMask = 2147483647;
			files = (
				8E174FC92EAB806E00D3B240 /* libMoltenVK.dylib in Frameworks */,
				8E7000B92EA01094004E0250 /* libglfw.3.4.dylib in Frameworks */,
				8E7000B62EA0101E004E0250 /* libvulkan.1.dylib in Frameworks */,
			);
			runOnlyForDeploymentPostprocessing = 0;
		};
/* End PBXFrameworksBuildPhase section */

/* Begin PBXGroup section */
		8E7000C02EA01134004E0250 /* Code */ = {
			isa = PBXGroup;
			children = (
				8E174FCB2EAB8F2D00D3B240 /* ObjC-interface.m */,
				8EB455802EB922CD001218DF /* Assets.hpp */,
				8EB455812EB922CD001218DF /* Assets.cpp */,
				8E7000BB2EA010B2004E0250 /* main.cpp */,
				8E45FF8B2EA7587C00CA6D72 /* QueueFamilyIndices.hpp */,
				8E45FF8C2EA7587C00CA6D72 /* QueueFamilyIndices.cpp */,
				8E7000C12EA011A5004E0250 /* HelloTriangleApplication.hpp */,
				8E7000C22EA011A5004E0250 /* HelloTriangleApplication.cpp */,
				8E1B89AC2EAD3643005568DE /* SwapChainSupportDetails.hpp */,
				8E174FCD2EAB903200D3B240 /* ObjC-interface.h */,
			);
			path = Code;
			sourceTree = "<group>";
		};
		8ECB62872E9FF80A00B88911 = {
			isa = PBXGroup;
			children = (
				8EE2B2072FE3BC410044F677 /* makefile */,
				8ECB629A2E9FFB3600B88911 /* Frameworks */,
				8ECB62912E9FF80A00B88911 /* Products */,
				8E7000C02EA01134004E0250 /* Code */,
				8EE2B2042FE3BBE10044F677 /* shaders */,
			);
			sourceTree = "<group>";
		};
		8ECB62912E9FF80A00B88911 /* Products */ = {
			isa = PBXGroup;
			children = (
				8ECB62902E9FF80A00B88911 /* VulkanTesting */,
			);
			name = Products;
			sourceTree = "<group>";
		};
		8ECB629A2E9FFB3600B88911 /* Frameworks */ = {
			isa = PBXGroup;
			children = (
				8EE5B6AB2EA68FEA0048BD6C /* libMoltenVK.dylib */,
				8E008CB72EA670C700F51089 /* opt */,
				8E7000BD2EA01119004E0250 /* libvulkan.1.4.328.dylib */,
				8E7000B82EA01094004E0250 /* libglfw.3.4.dylib */,
				8E7000B52EA0101E004E0250 /* libvulkan.1.dylib */,
			);
			name = Frameworks;
			sourceTree = "<group>";
		};
		8EE2B2042FE3BBE10044F677 /* shaders */ = {
			isa = PBXGroup;
			children = (
				8EE2B2052FE3BC130044F677 /* shader.frag */,
				8EE2B2062FE3BC130044F677 /* shader.vert */,
			);
			path = shaders;
			sourceTree = "<group>";
		};
		8EE2B2072FE3BC410044F677 /* makefile */ = {
			isa = PBXGroup;
			children = (
				8EE2B2082FE3BC520044F677 /* Makefile */,
			);
			path = makefile;
			sourceTree = "<group>";
		};
/* End PBXGroup section */

/* Begin PBXNativeTarget section */
		8ECB628F2E9FF80A00B88911 /* VulkanTesting */ = {
			isa = PBXNativeTarget;
			buildConfigurationList = 8ECB62972E9FF80A00B88911 /* Build configuration list for PBXNativeTarget "VulkanTesting" */;
			buildPhases = (
				8ECB628C2E9FF80A00B88911 /* Sources */,
				8ECB628D2E9FF80A00B88911 /* Frameworks */,
				8ECB628E2E9FF80A00B88911 /* CopyFiles */,
				8ECCECE42EB8E31B00B9DEDC /* Run Script */,
			);
			buildRules = (
			);
			dependencies = (
			);
			name = VulkanTesting;
			packageProductDependencies = (
			);
			productName = VulkanTesting;
			productReference = 8ECB62902E9FF80A00B88911 /* VulkanTesting */;
			productType = "com.apple.product-type.tool";
		};
/* End PBXNativeTarget section */

/* Begin PBXProject section */
		8ECB62882E9FF80A00B88911 /* Project object */ = {
			isa = PBXProject;
			attributes = {
				BuildIndependentTargetsInParallel = 1;
				LastUpgradeCheck = 2600;
				TargetAttributes = {
					8ECB628F2E9FF80A00B88911 = {
						CreatedOnToolsVersion = 26.0.1;
					};
				};
			};
			buildConfigurationList = 8ECB628B2E9FF80A00B88911 /* Build configuration list for PBXProject "VulkanTesting" */;
			developmentRegion = en;
			hasScannedForEncodings = 0;
			knownRegions = (
				en,
				Base,
			);
			mainGroup = 8ECB62872E9FF80A00B88911;
			minimizedProjectReferenceProxies = 1;
			preferredProjectObjectVersion = 77;
			productRefGroup = 8ECB62912E9FF80A00B88911 /* Products */;
			projectDirPath = "";
			projectRoot = "";
			targets = (
				8ECB628F2E9FF80A00B88911 /* VulkanTesting */,
			);
		};
/* End PBXProject section */

/* Begin PBXShellScriptBuildPhase section */
		8ECCECE42EB8E31B00B9DEDC /* Run Script */ = {
			isa = PBXShellScriptBuildPhase;
			buildActionMask = 2147483647;
			files = (
			);
			inputFileListPaths = (
			);
			inputPaths = (
				"$(SRCROOT)/../../shaders/shader.vert",
				"$(SRCROOT)/../../shaders/shader.frag",
				"$(SRCROOT)/../../textures/viking_room.png",
				"$(SRCROOT)/../../meshes/viking_room.obj",
			);
			name = "Run Script";
			outputFileListPaths = (
			);
			outputPaths = (
				"$(TARGET_BUILD_DIR)/$(CONTENTS_FOLDER_PATH)/assets/shaders/vert.spv",
				"$(TARGET_BUILD_DIR)/$(CONTENTS_FOLDER_PATH)/assets/shaders/frag.spv",
				"$(TARGET_BUILD_DIR)/$(CONTENTS_FOLDER_PATH)/assets/textures/viking_room.png",
				"$(TARGET_BUILD_DIR)/$(CONTENTS_FOLDER_PATH)/assets/meshes/viking_room.obj",
			);
			runOnlyForDeploymentPostprocessing = 0;
			shellPath = /bin/sh;
			shellScript = "#!/bin/sh\nset -eu\n\n# ============================================================\n# Vulkan assets build script para Xcode\n#\n# Layout de salida:\n#\n#   ${BUILT_PRODUCTS_DIR}/${UNLOCALIZED_RESOURCES_FOLDER_PATH}/assets/shaders\n#   ${BUILT_PRODUCTS_DIR}/${UNLOCALIZED_RESOURCES_FOLDER_PATH}/assets/textures\n#   ${BUILT_PRODUCTS_DIR}/${UNLOCALIZED_RESOURCES_FOLDER_PATH}/assets/meshes\n#\n# Desde Xcode puedes pasar:\n#   - shaders individuales en Input Files\n#   - texturas individuales en Input Files\n#   - meshes/modelos individuales en Input Files\n#   - carpetas completas en Input Files\n#\n# Variables opcionales:\n#\n#   ASSETS_OUTPUT_DIR\n#   SHADER_OUTPUT_DIR\n#   TEXTURE_OUTPUT_DIR\n#   MESH_OUTPUT_DIR\n#   SHADER_INPUT_DIR\n#   TEXTURE_INPUT_DIR\n#   MESH_INPUT_DIR\n#\n# ============================================================\n\nPATH=\"/opt/homebrew/bin:/usr/local/bin:${PATH}\"\nexport PATH\n\nlog() {\n  printf '%s\\n' \"$*\"\n}\n\nwarn() {\n  printf 'WARNING: %s\\n' \"$*\" >&2\n}\n\ndie() {\n  printf 'ERROR: %s\\n' \"$*\" >&2\n  exit 1\n}\n\ndefault_resources_dir() {\n  if [ -n \"${BUILT_PRODUCTS_DIR:-}\" ] && [ -n \"${UNLOCALIZED_RESOURCES_FOLDER_PATH:-}\" ]; then\n    printf '%s\\n' \"${BUILT_PRODUCTS_DIR}/${UNLOCALIZED_RESOURCES_FOLDER_PATH}\"\n  elif [ -n \"${BUILT_PRODUCTS_DIR:-}\" ]; then\n    printf '%s\\n' \"${BUILT_PRODUCTS_DIR}\"\n  else\n    printf '%s\\n' \"${SRCROOT:-.}/build\"\n  fi\n}\n\nRESOURCES_DIR=\"$(default_resources_dir)\"\n\nASSETS_OUTPUT_DIR=\"${ASSETS_OUTPUT_DIR:-${RESOURCES_DIR}/assets}\"\nSHADER_OUTPUT_DIR=\"${SHADER_OUTPUT_DIR:-${ASSETS_OUTPUT_DIR}/shaders}\"\nTEXTURE_OUTPUT_DIR=\"${TEXTURE_OUTPUT_DIR:-${ASSETS_OUTPUT_DIR}/textures}\"\nMESH_OUTPUT_DIR=\"${MESH_OUTPUT_DIR:-${ASSETS_OUTPUT_DIR}/meshes}\"\n\nfind_shader_compiler() {\n  if command -v glslc >/dev/null 2>&1; then\n    command -v glslc\n    return 0\n  fi\n\n  if command -v glslangValidator >/dev/null 2>&1; then\n    command -v glslangValidator\n    return 0\n  fi\n\n  if [ -n \"${VULKAN_SDK:-}\" ]; then\n    if [ -x \"${VULKAN_SDK}/bin/glslc\" ]; then\n      printf '%s\\n' \"${VULKAN_SDK}/bin/glslc\"\n      return 0\n    fi\n\n    if [ -x \"${VULKAN_SDK}/bin/glslangValidator\" ]; then\n      printf '%s\\n' \"${VULKAN_SDK}/bin/glslangValidator\"\n      return 0\n    fi\n  fi\n\n  for rel in \\\n    \"../../../libraries/vulkan/macOS/bin/glslc\" \\\n    \"../../libraries/vulkan/macOS/bin/glslc\" \\\n    \"../libraries/vulkan/macOS/bin/glslc\" \\\n    \"../../../libraries/vulkan/macOS/bin/glslangValidator\" \\\n    \"../../libraries/vulkan/macOS/bin/glslangValidator\" \\\n    \"../libraries/vulkan/macOS/bin/glslangValidator\"\n  do\n    candidate=\"${SRCROOT:-.}/${rel}\"\n    if [ -x \"$candidate\" ]; then\n      printf '%s\\n' \"$candidate\"\n      return 0\n    fi\n  done\n\n  return 1\n}\n\nis_shader_compiler_glslang() {\n  case \"$(basename \"$SHADER_COMPILER\")\" in\n    glslangValidator) return 0 ;;\n    *) return 1 ;;\n  esac\n}\n\nis_shader() {\n  case \"$1\" in\n    *.vert|*.frag|*.comp|*.geom|*.tesc|*.tese|*.glsl) return 0 ;;\n    *) return 1 ;;\n  esac\n}\n\nis_texture() {\n  case \"$1\" in\n    *.png|*.jpg|*.jpeg|*.bmp|*.tga|*.ktx|*.ktx2|*.dds|*.webp) return 0 ;;\n    *) return 1 ;;\n  esac\n}\n\nis_mesh() {\n  case \"$1\" in\n    *.obj|*.fbx|*.gltf|*.glb|*.dae|*.ply|*.stl|*.mtl|*.usd|*.usda|*.usdc|*.usdz|*.blend) return 0 ;;\n    *) return 1 ;;\n  esac\n}\n\nshader_output_name() {\n  src=\"$1\"\n  base=\"$(basename \"$src\")\"\n\n  # Para imitar tu Makefile:\n  #   shader.vert -> vert.spv\n  #   shader.frag -> frag.spv\n  #\n  # Si luego tienes otro nombre:\n  #   lighting.vert -> lighting.vert.spv\n  #   skybox.frag  -> skybox.frag.spv\n\n  case \"$base\" in\n    shader.vert) printf '%s\\n' \"vert.spv\" ;;\n    shader.frag) printf '%s\\n' \"frag.spv\" ;;\n\n    *.vert) printf '%s\\n' \"${base%.vert}.vert.spv\" ;;\n    *.frag) printf '%s\\n' \"${base%.frag}.frag.spv\" ;;\n    *.comp) printf '%s\\n' \"${base%.comp}.comp.spv\" ;;\n    *.geom) printf '%s\\n' \"${base%.geom}.geom.spv\" ;;\n    *.tesc) printf '%s\\n' \"${base%.tesc}.tesc.spv\" ;;\n    *.tese) printf '%s\\n' \"${base%.tese}.tese.spv\" ;;\n    *.glsl) printf '%s\\n' \"${base%.glsl}.spv\" ;;\n    *)      printf '%s\\n' \"${base}.spv\" ;;\n  esac\n}\n\nmesh_output_path() {\n  src=\"$1\"\n  explicit_dst=\"${2:-}\"\n\n  if [ -z \"$explicit_dst\" ]; then\n    printf '%s\\n' \"${MESH_OUTPUT_DIR}/$(basename \"$src\")\"\n    return 0\n  fi\n\n  case \"$explicit_dst\" in\n    */)\n      printf '%s\\n' \"${explicit_dst}$(basename \"$src\")\"\n      return 0\n      ;;\n  esac\n\n  if [ -d \"$explicit_dst\" ]; then\n    printf '%s\\n' \"${explicit_dst}/$(basename \"$src\")\"\n    return 0\n  fi\n\n  printf '%s\\n' \"$explicit_dst\"\n}\n\ncompile_shader() {\n  src=\"$1\"\n  dst=\"$2\"\n\n  [ -f \"$src\" ] || die \"Shader no existe: $src\"\n\n  mkdir -p \"$(dirname \"$dst\")\"\n\n  log \"Compilando shader:\"\n  log \"  SRC: $src\"\n  log \"  DST: $dst\"\n\n  if is_shader_compiler_glslang; then\n    \"$SHADER_COMPILER\" -V \"$src\" -o \"$dst\"\n  else\n    \"$SHADER_COMPILER\" \"$src\" -o \"$dst\"\n  fi\n}\n\ncopy_texture() {\n  src=\"$1\"\n  dst=\"$2\"\n\n  [ -f \"$src\" ] || die \"Textura no existe: $src\"\n\n  mkdir -p \"$(dirname \"$dst\")\"\n\n  log \"Copiando textura:\"\n  log \"  SRC: $src\"\n  log \"  DST: $dst\"\n\n  cp -f \"$src\" \"$dst\"\n}\n\ncopy_mesh() {\n  src=\"$1\"\n  dst=\"$2\"\n\n  [ -f \"$src\" ] || die \"Mesh/modelo no existe: $src\"\n\n  mkdir -p \"$(dirname \"$dst\")\"\n\n  log \"Copiando mesh/modelo:\"\n  log \"  SRC: $src\"\n  log \"  DST: $dst\"\n\n  cp -f \"$src\" \"$dst\"\n}\n\nprocess_file() {\n  src=\"$1\"\n  explicit_dst=\"${2:-}\"\n\n  [ -f \"$src\" ] || die \"Archivo no existe: $src\"\n\n  if is_shader \"$src\"; then\n    dst=\"${explicit_dst:-${SHADER_OUTPUT_DIR}/$(shader_output_name \"$src\")}\"\n    compile_shader \"$src\" \"$dst\"\n    COMPILED_COUNT=$((COMPILED_COUNT + 1))\n    return 0\n  fi\n\n  if is_texture \"$src\"; then\n    dst=\"${explicit_dst:-${TEXTURE_OUTPUT_DIR}/$(basename \"$src\")}\"\n    copy_texture \"$src\" \"$dst\"\n    TEXTURE_COUNT=$((TEXTURE_COUNT + 1))\n    return 0\n  fi\n\n  if is_mesh \"$src\"; then\n    dst=\"$(mesh_output_path \"$src\" \"$explicit_dst\")\"\n    copy_mesh \"$src\" \"$dst\"\n    MESH_COUNT=$((MESH_COUNT + 1))\n    return 0\n  fi\n\n  warn \"Archivo ignorado porque no es shader, textura, mesh ni modelo reconocido: $src\"\n}\n\nprocess_dir() {\n  dir=\"$1\"\n\n  [ -d \"$dir\" ] || die \"Carpeta no existe: $dir\"\n\n  log \"Escaneando carpeta: $dir\"\n\n  found=0\n\n  for src in \\\n    \"$dir\"/*.vert \\\n    \"$dir\"/*.frag \\\n    \"$dir\"/*.comp \\\n    \"$dir\"/*.geom \\\n    \"$dir\"/*.tesc \\\n    \"$dir\"/*.tese \\\n    \"$dir\"/*.glsl \\\n    \"$dir\"/*.png \\\n    \"$dir\"/*.jpg \\\n    \"$dir\"/*.jpeg \\\n    \"$dir\"/*.bmp \\\n    \"$dir\"/*.tga \\\n    \"$dir\"/*.ktx \\\n    \"$dir\"/*.ktx2 \\\n    \"$dir\"/*.dds \\\n    \"$dir\"/*.webp \\\n    \"$dir\"/*.obj \\\n    \"$dir\"/*.fbx \\\n    \"$dir\"/*.gltf \\\n    \"$dir\"/*.glb \\\n    \"$dir\"/*.dae \\\n    \"$dir\"/*.ply \\\n    \"$dir\"/*.stl \\\n    \"$dir\"/*.mtl \\\n    \"$dir\"/*.usd \\\n    \"$dir\"/*.usda \\\n    \"$dir\"/*.usdc \\\n    \"$dir\"/*.usdz \\\n    \"$dir\"/*.blend\n  do\n    [ -e \"$src\" ] || continue\n    found=1\n    process_file \"$src\"\n  done\n\n  [ \"$found\" -eq 1 ] || warn \"No se encontraron shaders/texturas/meshes/modelos en: $dir\"\n}\n\nSHADER_COMPILER=\"$(find_shader_compiler)\" || die \"No se encontró glslc ni glslangValidator. Instala Vulkan SDK o configura VULKAN_SDK.\"\n\nlog \"Usando shader compiler: $SHADER_COMPILER\"\nlog \"ASSETS_OUTPUT_DIR:  $ASSETS_OUTPUT_DIR\"\nlog \"SHADER_OUTPUT_DIR:  $SHADER_OUTPUT_DIR\"\nlog \"TEXTURE_OUTPUT_DIR: $TEXTURE_OUTPUT_DIR\"\nlog \"MESH_OUTPUT_DIR:    $MESH_OUTPUT_DIR\"\n\nmkdir -p \"$SHADER_OUTPUT_DIR\"\nmkdir -p \"$TEXTURE_OUTPUT_DIR\"\nmkdir -p \"$MESH_OUTPUT_DIR\"\n\nCOMPILED_COUNT=0\nTEXTURE_COUNT=0\nMESH_COUNT=0\n\nCOUNT_IN=\"${SCRIPT_INPUT_FILE_COUNT:-0}\"\nCOUNT_OUT=\"${SCRIPT_OUTPUT_FILE_COUNT:-0}\"\n\nlog \"Xcode Input Files:  $COUNT_IN\"\nlog \"Xcode Output Files: $COUNT_OUT\"\n\nif [ \"$COUNT_IN\" -gt 0 ]; then\n  i=0\n\n  while [ \"$i\" -lt \"$COUNT_IN\" ]; do\n    eval src=\"\\${SCRIPT_INPUT_FILE_${i}}\"\n\n    explicit_dst=\"\"\n\n    if [ \"$i\" -lt \"$COUNT_OUT\" ]; then\n      eval explicit_dst=\"\\${SCRIPT_OUTPUT_FILE_${i}}\"\n    fi\n\n    if [ -d \"$src\" ]; then\n      if [ -n \"$explicit_dst\" ]; then\n        warn \"Input #$i es carpeta. Se ignora su Output File explícito: $explicit_dst\"\n      fi\n\n      process_dir \"$src\"\n    else\n      process_file \"$src\" \"$explicit_dst\"\n    fi\n\n    i=$((i + 1))\n  done\nelse\n  did_something=0\n\n  if [ -n \"${SHADER_INPUT_DIR:-}\" ]; then\n    process_dir \"$SHADER_INPUT_DIR\"\n    did_something=1\n  fi\n\n  if [ -n \"${TEXTURE_INPUT_DIR:-}\" ]; then\n    process_dir \"$TEXTURE_INPUT_DIR\"\n    did_something=1\n  fi\n\n  if [ -n \"${MESH_INPUT_DIR:-}\" ]; then\n    process_dir \"$MESH_INPUT_DIR\"\n    did_something=1\n  fi\n\n  if [ \"$did_something\" -eq 0 ]; then\n    die \"No hay Input Files ni SHADER_INPUT_DIR / TEXTURE_INPUT_DIR / MESH_INPUT_DIR configurados.\"\n  fi\nfi\n\nlog \"OK:\"\nlog \"  Shaders compilados: $COMPILED_COUNT\"\nlog \"  Texturas copiadas:  $TEXTURE_COUNT\"\nlog \"  Meshes/modelos copiados: $MESH_COUNT\"\n";
		};
/* End PBXShellScriptBuildPhase section */

/* Begin PBXSourcesBuildPhase section */
		8ECB628C2E9FF80A00B88911 /* Sources */ = {
			isa = PBXSourcesBuildPhase;
			buildActionMask = 2147483647;
			files = (
				8E45FF8D2EA7587C00CA6D72 /* QueueFamilyIndices.cpp in Sources */,
				8E7000BC2EA010B2004E0250 /* main.cpp in Sources */,
				8E7000C32EA011A5004E0250 /* HelloTriangleApplication.cpp in Sources */,
				8EB455822EB922CD001218DF /* Assets.cpp in Sources */,
				8E174FCC2EAB8F2D00D3B240 /* ObjC-interface.m in Sources */,
			);
			runOnlyForDeploymentPostprocessing = 0;
		};
/* End PBXSourcesBuildPhase section */

/* Begin XCBuildConfiguration section */
		8ECB62952E9FF80A00B88911 /* Debug */ = {
			isa = XCBuildConfiguration;
			buildSettings = {
				ALWAYS_SEARCH_USER_PATHS = NO;
				ASSETCATALOG_COMPILER_GENERATE_SWIFT_ASSET_SYMBOL_EXTENSIONS = YES;
				CLANG_ANALYZER_NONNULL = YES;
				CLANG_ANALYZER_NUMBER_OBJECT_CONVERSION = YES_AGGRESSIVE;
				CLANG_CXX_LANGUAGE_STANDARD = "gnu++20";
				CLANG_ENABLE_MODULES = YES;
				CLANG_ENABLE_OBJC_ARC = YES;
				CLANG_ENABLE_OBJC_WEAK = YES;
				CLANG_WARN_BLOCK_CAPTURE_AUTORELEASING = YES;
				CLANG_WARN_BOOL_CONVERSION = YES;
				CLANG_WARN_COMMA = YES;
				CLANG_WARN_CONSTANT_CONVERSION = YES;
				CLANG_WARN_DEPRECATED_OBJC_IMPLEMENTATIONS = YES;
				CLANG_WARN_DIRECT_OBJC_ISA_USAGE = YES_ERROR;
				CLANG_WARN_DOCUMENTATION_COMMENTS = YES;
				CLANG_WARN_EMPTY_BODY = YES;
				CLANG_WARN_ENUM_CONVERSION = YES;
				CLANG_WARN_INFINITE_RECURSION = YES;
				CLANG_WARN_INT_CONVERSION = YES;
				CLANG_WARN_NON_LITERAL_NULL_CONVERSION = YES;
				CLANG_WARN_OBJC_IMPLICIT_RETAIN_SELF = YES;
				CLANG_WARN_OBJC_LITERAL_CONVERSION = YES;
				CLANG_WARN_OBJC_ROOT_CLASS = YES_ERROR;
				CLANG_WARN_QUOTED_INCLUDE_IN_FRAMEWORK_HEADER = YES;
				CLANG_WARN_RANGE_LOOP_ANALYSIS = YES;
				CLANG_WARN_STRICT_PROTOTYPES = YES;
				CLANG_WARN_SUSPICIOUS_MOVE = YES;
				CLANG_WARN_UNGUARDED_AVAILABILITY = YES_AGGRESSIVE;
				CLANG_WARN_UNREACHABLE_CODE = YES;
				CLANG_WARN__DUPLICATE_METHOD_MATCH = YES;
				COPY_PHASE_STRIP = NO;
				DEBUG_INFORMATION_FORMAT = dwarf;
				ENABLE_STRICT_OBJC_MSGSEND = YES;
				ENABLE_TESTABILITY = YES;
				ENABLE_USER_SCRIPT_SANDBOXING = YES;
				FUSE_BUILD_SCRIPT_PHASES = NO;
				GCC_C_LANGUAGE_STANDARD = gnu17;
				GCC_DYNAMIC_NO_PIC = NO;
				GCC_NO_COMMON_BLOCKS = YES;
				GCC_OPTIMIZATION_LEVEL = 0;
				GCC_PREPROCESSOR_DEFINITIONS = (
					"DEBUG=1",
					"$(inherited)",
				);
				GCC_WARN_64_TO_32_BIT_CONVERSION = YES;
				GCC_WARN_ABOUT_RETURN_TYPE = YES_ERROR;
				GCC_WARN_UNDECLARED_SELECTOR = YES;
				GCC_WARN_UNINITIALIZED_AUTOS = YES_AGGRESSIVE;
				GCC_WARN_UNUSED_FUNCTION = YES;
				GCC_WARN_UNUSED_VARIABLE = YES;
				HEADER_SEARCH_PATHS = /opt/homebrew/include;
				LOCALIZATION_PREFERS_STRING_CATALOGS = YES;
				MACOSX_DEPLOYMENT_TARGET = 26.0;
				MTL_ENABLE_DEBUG_INFO = INCLUDE_SOURCE;
				MTL_FAST_MATH = YES;
				ONLY_ACTIVE_ARCH = YES;
				SDKROOT = macosx;
				SYSTEM_FRAMEWORK_SEARCH_PATHS = /opt/homebrew/lib;
			};
			name = Debug;
		};
		8ECB62962E9FF80A00B88911 /* Release */ = {
			isa = XCBuildConfiguration;
			buildSettings = {
				ALWAYS_SEARCH_USER_PATHS = NO;
				ASSETCATALOG_COMPILER_GENERATE_SWIFT_ASSET_SYMBOL_EXTENSIONS = YES;
				CLANG_ANALYZER_NONNULL = YES;
				CLANG_ANALYZER_NUMBER_OBJECT_CONVERSION = YES_AGGRESSIVE;
				CLANG_CXX_LANGUAGE_STANDARD = "gnu++20";
				CLANG_ENABLE_MODULES = YES;
				CLANG_ENABLE_OBJC_ARC = YES;
				CLANG_ENABLE_OBJC_WEAK = YES;
				CLANG_WARN_BLOCK_CAPTURE_AUTORELEASING = YES;
				CLANG_WARN_BOOL_CONVERSION = YES;
				CLANG_WARN_COMMA = YES;
				CLANG_WARN_CONSTANT_CONVERSION = YES;
				CLANG_WARN_DEPRECATED_OBJC_IMPLEMENTATIONS = YES;
				CLANG_WARN_DIRECT_OBJC_ISA_USAGE = YES_ERROR;
				CLANG_WARN_DOCUMENTATION_COMMENTS = YES;
				CLANG_WARN_EMPTY_BODY = YES;
				CLANG_WARN_ENUM_CONVERSION = YES;
				CLANG_WARN_INFINITE_RECURSION = YES;
				CLANG_WARN_INT_CONVERSION = YES;
				CLANG_WARN_NON_LITERAL_NULL_CONVERSION = YES;
				CLANG_WARN_OBJC_IMPLICIT_RETAIN_SELF = YES;
				CLANG_WARN_OBJC_LITERAL_CONVERSION = YES;
				CLANG_WARN_OBJC_ROOT_CLASS = YES_ERROR;
				CLANG_WARN_QUOTED_INCLUDE_IN_FRAMEWORK_HEADER = YES;
				CLANG_WARN_RANGE_LOOP_ANALYSIS = YES;
				CLANG_WARN_STRICT_PROTOTYPES = YES;
				CLANG_WARN_SUSPICIOUS_MOVE = YES;
				CLANG_WARN_UNGUARDED_AVAILABILITY = YES_AGGRESSIVE;
				CLANG_WARN_UNREACHABLE_CODE = YES;
				CLANG_WARN__DUPLICATE_METHOD_MATCH = YES;
				COPY_PHASE_STRIP = NO;
				DEBUG_INFORMATION_FORMAT = "dwarf-with-dsym";
				ENABLE_NS_ASSERTIONS = NO;
				ENABLE_STRICT_OBJC_MSGSEND = YES;
				ENABLE_USER_SCRIPT_SANDBOXING = YES;
				FUSE_BUILD_SCRIPT_PHASES = NO;
				GCC_C_LANGUAGE_STANDARD = gnu17;
				GCC_NO_COMMON_BLOCKS = YES;
				GCC_WARN_64_TO_32_BIT_CONVERSION = YES;
				GCC_WARN_ABOUT_RETURN_TYPE = YES_ERROR;
				GCC_WARN_UNDECLARED_SELECTOR = YES;
				GCC_WARN_UNINITIALIZED_AUTOS = YES_AGGRESSIVE;
				GCC_WARN_UNUSED_FUNCTION = YES;
				GCC_WARN_UNUSED_VARIABLE = YES;
				HEADER_SEARCH_PATHS = /opt/homebrew/include;
				LOCALIZATION_PREFERS_STRING_CATALOGS = YES;
				MACOSX_DEPLOYMENT_TARGET = 26.0;
				MTL_ENABLE_DEBUG_INFO = NO;
				MTL_FAST_MATH = YES;
				SDKROOT = macosx;
				SYSTEM_FRAMEWORK_SEARCH_PATHS = /opt/homebrew/lib;
			};
			name = Release;
		};
		8ECB62982E9FF80A00B88911 /* Debug */ = {
			isa = XCBuildConfiguration;
			buildSettings = {
				CODE_SIGN_STYLE = Automatic;
				HEADER_SEARCH_PATHS = (
					/opt/homebrew/include,
					../../../libraries/vulkan/macOS/include,
					"../../../components/stb-master",
					../../../components/tinyobjloader,
				);
				LD_RUNPATH_SEARCH_PATHS = "@executable_path/lib";
				LIBRARY_SEARCH_PATHS = (
					"$(inherited)",
					/opt/homebrew/Cellar/glfw/3.4/lib,
					../../../libraries/vulkan/macOS/lib,
				);
				OTHER_LDFLAGS = "";
				PRODUCT_NAME = "$(TARGET_NAME)";
			};
			name = Debug;
		};
		8ECB62992E9FF80A00B88911 /* Release */ = {
			isa = XCBuildConfiguration;
			buildSettings = {
				CODE_SIGN_STYLE = Automatic;
				HEADER_SEARCH_PATHS = (
					/opt/homebrew/include,
					../../../libraries/vulkan/macOS/include,
					"../../../components/stb-master",
					../../../components/tinyobjloader,
				);
				LD_RUNPATH_SEARCH_PATHS = "@executable_path/lib";
				LIBRARY_SEARCH_PATHS = (
					"$(inherited)",
					/opt/homebrew/Cellar/glfw/3.4/lib,
					../../../libraries/vulkan/macOS/lib,
				);
				OTHER_LDFLAGS = "";
				PRODUCT_NAME = "$(TARGET_NAME)";
			};
			name = Release;
		};
/* End XCBuildConfiguration section */

/* Begin XCConfigurationList section */
		8ECB628B2E9FF80A00B88911 /* Build configuration list for PBXProject "VulkanTesting" */ = {
			isa = XCConfigurationList;
			buildConfigurations = (
				8ECB62952E9FF80A00B88911 /* Debug */,
				8ECB62962E9FF80A00B88911 /* Release */,
			);
			defaultConfigurationIsVisible = 0;
			defaultConfigurationName = Release;
		};
		8ECB62972E9FF80A00B88911 /* Build configuration list for PBXNativeTarget "VulkanTesting" */ = {
			isa = XCConfigurationList;
			buildConfigurations = (
				8ECB62982E9FF80A00B88911 /* Debug */,
				8ECB62992E9FF80A00B88911 /* Release */,
			);
			defaultConfigurationIsVisible = 0;
			defaultConfigurationName = Release;
		};
/* End XCConfigurationList section */
	};
	rootObject = 8ECB62882E9FF80A00B88911 /* Project object */;
}
